
Microsoft Visual Studio Solution File, Format Version 12.00
# Visual Studio Version 16
VisualStudioVersion = 16.0.30907.101
MinimumVisualStudioVersion = 10.0.40219.1
Project("{FAE04EC0-301F-11D3-BF4B-00C04F79EFBC}") = "TaskManager.Server", "TaskManager\Server\TaskManager.Server.csproj", "{91C08E81-A257-4FE8-800C-5D45822B6F10}"
EndProject
Project("{FAE04EC0-301F-11D3-BF4B-00C04F79EFBC}") = "TaskManager.Client", "TaskManager\Client\TaskManager.Client.csproj", "{2DF5FE8E-81A4-4720-9003-D6788F751EBC}"
EndProject
Project("{FAE04EC0-301F-11D3-BF4B-00C04F79EFBC}") = "TaskManager.Shared", "TaskManager\Shared\TaskManager.Shared.csproj", "{592EDCD4-C336-473F-ADF0-7179F4B528DE}"
EndProject
Global
	GlobalSection(SolutionConfigurationPlatforms) = preSolution
		Debug|Any CPU = Debug|Any CPU
		Release|Any CPU = Release|Any CPU
	EndGlobalSection
	GlobalSection(ProjectConfigurationPlatforms) = postSolution
		{91C08E81-A257-4FE8-800C-5D45822B6F10}.Debug|Any CPU.ActiveCfg = Debug|Any CPU
		{91C08E81-A257-4FE8-800C-5D45822B6F10}.Debug|Any CPU.Build.0 = Debug|Any CPU
		{91C08E81-A257-4FE8-800C-5D45822B6F10}.Release|Any CPU.ActiveCfg = Release|Any CPU
		{91C08E81-A257-4FE8-800C-5D45822B6F10}.Release|Any CPU.Build.0 = Release|Any CPU
		{2DF5FE8E-81A4-4720-9003-D6788F751EBC}.Debug|Any CPU.ActiveCfg = Debug|Any CPU
		{2DF5FE8E-81A4-4720-9003-D6788F751EBC}.Debug|Any CPU.Build.0 = Debug|Any CPU
		{2DF5FE8E-81A4-4720-9003-D6788F751EBC}.Release|Any CPU.ActiveCfg = Release|Any CPU
		{2DF5FE8E-81A4-4720-9003-D6788F751EBC}.Release|Any CPU.Build.0 = Release|Any CPU
		{592EDCD4-C336-473F-ADF0-7179F4B528DE}.Debug|Any CPU.ActiveCfg = Debug|Any CPU
		{592EDCD4-C336-473F-ADF0-7179F4B528DE}.Debug|Any CPU.Build.0 = Debug|Any CPU
		{592EDCD4-C336-473F-ADF0-7179F4B528DE}.Release|Any CPU.ActiveCfg = Release|Any CPU
		{592EDCD4-C336-473F-ADF0-7179F4B528DE}.Release|Any CPU.Build.0 = Release|Any CPU
	EndGlobalSection
	GlobalSection(SolutionProperties) = preSolution
		HideSolutionNode = FALSE
	EndGlobalSection
	GlobalSection(ExtensibilityGlobals) = postSolution
		SolutionGuid = {7C8FC531-6B29-4438-986E-874865C6B96F}
	EndGlobalSection
EndGlobal
