
Microsoft Visual Studio Solution File, Format Version 12.00
# Visual Studio Version 16
VisualStudioVersion = 16.0.30907.101
MinimumVisualStudioVersion = 10.0.40219.1
Project("{FAE04EC0-301F-11D3-BF4B-00C04F79EFBC}") = "EmptyProject", "EmptyProject\EmptyProject.csproj", "{8ACABDAA-7162-4E31-8838-017CBBBBC120}"
EndProject
Global
	GlobalSection(SolutionConfigurationPlatforms) = preSolution
		Debug|Any CPU = Debug|Any CPU
		Release|Any CPU = Release|Any CPU
	EndGlobalSection
	GlobalSection(ProjectConfigurationPlatforms) = postSolution
		{8ACABDAA-7162-4E31-8838-017CBBBBC120}.Debug|Any CPU.ActiveCfg = Debug|Any CPU
		{8ACABDAA-7162-4E31-8838-017CBBBBC120}.Debug|Any CPU.Build.0 = Debug|Any CPU
		{8ACABDAA-7162-4E31-8838-017CBBBBC120}.Release|Any CPU.ActiveCfg = Release|Any CPU
		{8ACABDAA-7162-4E31-8838-017CBBBBC120}.Release|Any CPU.Build.0 = Release|Any CPU
	EndGlobalSection
	GlobalSection(SolutionProperties) = preSolution
		HideSolutionNode = FALSE
	EndGlobalSection
	GlobalSection(ExtensibilityGlobals) = postSolution
		SolutionGuid = {B8CB76B2-2E4D-4B27-B4C7-3648CBCB3484}
	EndGlobalSection
EndGlobal
