
Microsoft Visual Studio Solution File, Format Version 12.00
# Visual Studio Version 16
VisualStudioVersion = 16.0.30907.101
MinimumVisualStudioVersion = 10.0.40219.1
Project("{FAE04EC0-301F-11D3-BF4B-00C04F79EFBC}") = "Sample", "Sample\Sample.csproj", "{21B974F6-A962-4556-BF01-DD66B0AED2B8}"
EndProject
Global
	GlobalSection(SolutionConfigurationPlatforms) = preSolution
		Debug|Any CPU = Debug|Any CPU
		Release|Any CPU = Release|Any CPU
	EndGlobalSection
	GlobalSection(ProjectConfigurationPlatforms) = postSolution
		{21B974F6-A962-4556-BF01-DD66B0AED2B8}.Debug|Any CPU.ActiveCfg = Debug|Any CPU
		{21B974F6-A962-4556-BF01-DD66B0AED2B8}.Debug|Any CPU.Build.0 = Debug|Any CPU
		{21B974F6-A962-4556-BF01-DD66B0AED2B8}.Release|Any CPU.ActiveCfg = Release|Any CPU
		{21B974F6-A962-4556-BF01-DD66B0AED2B8}.Release|Any CPU.Build.0 = Release|Any CPU
	EndGlobalSection
	GlobalSection(SolutionProperties) = preSolution
		HideSolutionNode = FALSE
	EndGlobalSection
	GlobalSection(ExtensibilityGlobals) = postSolution
		SolutionGuid = {5BE14042-491F-41F4-A576-3E1C52CC3143}
	EndGlobalSection
EndGlobal
